
Microsoft Visual Studio Solution File, Format Version 12.00
# Visual Studio Version 16
VisualStudioVersion = 16.0.33801.447
MinimumVisualStudioVersion = 10.0.40219.1
Project("{FAE04EC0-301F-11D3-BF4B-00C04F79EFBC}") = "QLSV", "QLSV.csproj", "{04C5F074-26B5-48AC-8B8C-9F28A5DFD135}"
EndProject
Global
	GlobalSection(SolutionConfigurationPlatforms) = preSolution
		Debug|Any CPU = Debug|Any CPU
		Release|Any CPU = Release|Any CPU
	EndGlobalSection
	GlobalSection(ProjectConfigurationPlatforms) = postSolution
		{04C5F074-26B5-48AC-8B8C-9F28A5DFD135}.Debug|Any CPU.ActiveCfg = Debug|Any CPU
		{04C5F074-26B5-48AC-8B8C-9F28A5DFD135}.Debug|Any CPU.Build.0 = Debug|Any CPU
		{04C5F074-26B5-48AC-8B8C-9F28A5DFD135}.Release|Any CPU.ActiveCfg = Release|Any CPU
		{04C5F074-26B5-48AC-8B8C-9F28A5DFD135}.Release|Any CPU.Build.0 = Release|Any CPU
	EndGlobalSection
	GlobalSection(SolutionProperties) = preSolution
		HideSolutionNode = FALSE
	EndGlobalSection
	GlobalSection(ExtensibilityGlobals) = postSolution
		SolutionGuid = {EEF757FB-7051-4A08-B487-A8D038505D4E}
	EndGlobalSection
EndGlobal
